
Microsoft Visual Studio Solution File, Format Version 12.00
# Visual Studio 15
VisualStudioVersion = 15.0.28307.572
MinimumVisualStudioVersion = 10.0.40219.1
Project("{FAE04EC0-301F-11D3-BF4B-00C04F79EFBC}") = "WindowsFormsApp6", "WindowsFormsApp6\WindowsFormsApp6.csproj", "{BACF8930-20B1-447F-92B1-BB74AF1A778E}"
EndProject
Global
	GlobalSection(SolutionConfigurationPlatforms) = preSolution
		Debug|Any CPU = Debug|Any CPU
		Release|Any CPU = Release|Any CPU
	EndGlobalSection
	GlobalSection(ProjectConfigurationPlatforms) = postSolution
		{BACF8930-20B1-447F-92B1-BB74AF1A778E}.Debug|Any CPU.ActiveCfg = Debug|Any CPU
		{BACF8930-20B1-447F-92B1-BB74AF1A778E}.Debug|Any CPU.Build.0 = Debug|Any CPU
		{BACF8930-20B1-447F-92B1-BB74AF1A778E}.Release|Any CPU.ActiveCfg = Release|Any CPU
		{BACF8930-20B1-447F-92B1-BB74AF1A778E}.Release|Any CPU.Build.0 = Release|Any CPU
	EndGlobalSection
	GlobalSection(SolutionProperties) = preSolution
		HideSolutionNode = FALSE
	EndGlobalSection
	GlobalSection(ExtensibilityGlobals) = postSolution
		SolutionGuid = {1B3668B6-EB3D-42DD-8F1D-D98F7530B55D}
	EndGlobalSection
EndGlobal
